
Microsoft Visual Studio Solution File, Format Version 12.00
# Visual Studio Version 16
VisualStudioVersion = 16.0.31613.86
MinimumVisualStudioVersion = 10.0.40219.1
Project("{FAE04EC0-301F-11D3-BF4B-00C04F79EFBC}") = "StringMatcher", "StringMatcher\StringMatcher.csproj", "{16CD4F0B-DCA1-42B1-A020-864768FEE32D}"
EndProject
Project("{FAE04EC0-301F-11D3-BF4B-00C04F79EFBC}") = "StringMatcherTest", "StringMatcherTest\StringMatcherTest.csproj", "{535CEF6D-F8FF-4C5C-8168-37A28A64A8A9}"
EndProject
Global
	GlobalSection(SolutionConfigurationPlatforms) = preSolution
		Debug|Any CPU = Debug|Any CPU
		Release|Any CPU = Release|Any CPU
	EndGlobalSection
	GlobalSection(ProjectConfigurationPlatforms) = postSolution
		{16CD4F0B-DCA1-42B1-A020-864768FEE32D}.Debug|Any CPU.ActiveCfg = Debug|Any CPU
		{16CD4F0B-DCA1-42B1-A020-864768FEE32D}.Debug|Any CPU.Build.0 = Debug|Any CPU
		{16CD4F0B-DCA1-42B1-A020-864768FEE32D}.Release|Any CPU.ActiveCfg = Release|Any CPU
		{16CD4F0B-DCA1-42B1-A020-864768FEE32D}.Release|Any CPU.Build.0 = Release|Any CPU
		{535CEF6D-F8FF-4C5C-8168-37A28A64A8A9}.Debug|Any CPU.ActiveCfg = Debug|Any CPU
		{535CEF6D-F8FF-4C5C-8168-37A28A64A8A9}.Debug|Any CPU.Build.0 = Debug|Any CPU
		{535CEF6D-F8FF-4C5C-8168-37A28A64A8A9}.Release|Any CPU.ActiveCfg = Release|Any CPU
		{535CEF6D-F8FF-4C5C-8168-37A28A64A8A9}.Release|Any CPU.Build.0 = Release|Any CPU
	EndGlobalSection
	GlobalSection(SolutionProperties) = preSolution
		HideSolutionNode = FALSE
	EndGlobalSection
	GlobalSection(ExtensibilityGlobals) = postSolution
		SolutionGuid = {77385BF4-122F-4AC4-B44D-A0492BDC6A03}
	EndGlobalSection
EndGlobal
